
Microsoft Visual Studio Solution File, Format Version 12.00
# Visual Studio 15
VisualStudioVersion = 15.0.27130.2024
MinimumVisualStudioVersion = 10.0.40219.1
Project("{888888A0-9F3D-457C-B088-3A5042F75D52}") = "FirstPython", "FirstPython\FirstPython.pyproj", "{9645A0B7-D053-463C-AE58-7ADF80BBC2F3}"
EndProject
Global
	GlobalSection(SolutionConfigurationPlatforms) = preSolution
		Debug|Any CPU = Debug|Any CPU
		Release|Any CPU = Release|Any CPU
	EndGlobalSection
	GlobalSection(ProjectConfigurationPlatforms) = postSolution
		{9645A0B7-D053-463C-AE58-7ADF80BBC2F3}.Debug|Any CPU.ActiveCfg = Debug|Any CPU
		{9645A0B7-D053-463C-AE58-7ADF80BBC2F3}.Release|Any CPU.ActiveCfg = Release|Any CPU
	EndGlobalSection
	GlobalSection(SolutionProperties) = preSolution
		HideSolutionNode = FALSE
	EndGlobalSection
	GlobalSection(ExtensibilityGlobals) = postSolution
		SolutionGuid = {FC95A782-B802-40D9-A9BC-755025B04730}
	EndGlobalSection
EndGlobal
